
Microsoft Visual Studio Solution File, Format Version 12.00
# Visual Studio Version 17
VisualStudioVersion = 17.10.35122.118
MinimumVisualStudioVersion = 10.0.40219.1
Project("{FAE04EC0-301F-11D3-BF4B-00C04F79EFBC}") = "api", "api\api.csproj", "{1EF5A6CE-A885-419F-AD5D-C85D62FEADEB}"
EndProject
Global
	GlobalSection(SolutionConfigurationPlatforms) = preSolution
		Debug|Any CPU = Debug|Any CPU
		Release|Any CPU = Release|Any CPU
	EndGlobalSection
	GlobalSection(ProjectConfigurationPlatforms) = postSolution
		{1EF5A6CE-A885-419F-AD5D-C85D62FEADEB}.Debug|Any CPU.ActiveCfg = Debug|Any CPU
		{1EF5A6CE-A885-419F-AD5D-C85D62FEADEB}.Debug|Any CPU.Build.0 = Debug|Any CPU
		{1EF5A6CE-A885-419F-AD5D-C85D62FEADEB}.Release|Any CPU.ActiveCfg = Release|Any CPU
		{1EF5A6CE-A885-419F-AD5D-C85D62FEADEB}.Release|Any CPU.Build.0 = Release|Any CPU
	EndGlobalSection
	GlobalSection(SolutionProperties) = preSolution
		HideSolutionNode = FALSE
	EndGlobalSection
	GlobalSection(ExtensibilityGlobals) = postSolution
		SolutionGuid = {1B40F003-C2FA-4FAB-B05F-BCF78043934B}
	EndGlobalSection
EndGlobal
